
Microsoft Visual Studio Solution File, Format Version 12.00
# Visual Studio Version 17
VisualStudioVersion = 17.14.36105.17 d17.14
MinimumVisualStudioVersion = 10.0.40219.1
Project("{FAE04EC0-301F-11D3-BF4B-00C04F79EFBC}") = "logic", "logic\logic.csproj", "{63C2B7BA-2DB2-44B7-912F-C8B905EFFDFC}"
EndProject
Global
	GlobalSection(SolutionConfigurationPlatforms) = preSolution
		Debug|Any CPU = Debug|Any CPU
		Release|Any CPU = Release|Any CPU
	EndGlobalSection
	GlobalSection(ProjectConfigurationPlatforms) = postSolution
		{63C2B7BA-2DB2-44B7-912F-C8B905EFFDFC}.Debug|Any CPU.ActiveCfg = Debug|Any CPU
		{63C2B7BA-2DB2-44B7-912F-C8B905EFFDFC}.Debug|Any CPU.Build.0 = Debug|Any CPU
		{63C2B7BA-2DB2-44B7-912F-C8B905EFFDFC}.Release|Any CPU.ActiveCfg = Release|Any CPU
		{63C2B7BA-2DB2-44B7-912F-C8B905EFFDFC}.Release|Any CPU.Build.0 = Release|Any CPU
	EndGlobalSection
	GlobalSection(SolutionProperties) = preSolution
		HideSolutionNode = FALSE
	EndGlobalSection
	GlobalSection(ExtensibilityGlobals) = postSolution
		SolutionGuid = {CF56A6C9-824C-4840-800C-9D048B62D8AE}
	EndGlobalSection
EndGlobal
